
Microsoft Visual Studio Solution File, Format Version 12.00
# Visual Studio Version 16
VisualStudioVersion = 16.0.31911.196
MinimumVisualStudioVersion = 10.0.40219.1
Project("{FAE04EC0-301F-11D3-BF4B-00C04F79EFBC}") = "InventarioTienda", "InventarioTienda\InventarioTienda.csproj", "{D012E930-18EE-48F8-A04D-17A50B89A6A3}"
EndProject
Global
	GlobalSection(SolutionConfigurationPlatforms) = preSolution
		Debug|Any CPU = Debug|Any CPU
		Release|Any CPU = Release|Any CPU
	EndGlobalSection
	GlobalSection(ProjectConfigurationPlatforms) = postSolution
		{D012E930-18EE-48F8-A04D-17A50B89A6A3}.Debug|Any CPU.ActiveCfg = Debug|Any CPU
		{D012E930-18EE-48F8-A04D-17A50B89A6A3}.Debug|Any CPU.Build.0 = Debug|Any CPU
		{D012E930-18EE-48F8-A04D-17A50B89A6A3}.Release|Any CPU.ActiveCfg = Release|Any CPU
		{D012E930-18EE-48F8-A04D-17A50B89A6A3}.Release|Any CPU.Build.0 = Release|Any CPU
	EndGlobalSection
	GlobalSection(SolutionProperties) = preSolution
		HideSolutionNode = FALSE
	EndGlobalSection
	GlobalSection(ExtensibilityGlobals) = postSolution
		SolutionGuid = {66BA92C0-A8B0-44AC-97FC-7BF1B3CB302F}
	EndGlobalSection
EndGlobal
